
Microsoft Visual Studio Solution File, Format Version 12.00
# Visual Studio Version 17
VisualStudioVersion = 17.6.33829.357
MinimumVisualStudioVersion = 10.0.40219.1
Project("{FAE04EC0-301F-11D3-BF4B-00C04F79EFBC}") = "Pracitce Task", "Pracitce Task\Pracitce Task.csproj", "{643FAE6F-2EE5-41F3-8F84-2444705E2FA2}"
EndProject
Global
	GlobalSection(SolutionConfigurationPlatforms) = preSolution
		Debug|Any CPU = Debug|Any CPU
		Release|Any CPU = Release|Any CPU
	EndGlobalSection
	GlobalSection(ProjectConfigurationPlatforms) = postSolution
		{643FAE6F-2EE5-41F3-8F84-2444705E2FA2}.Debug|Any CPU.ActiveCfg = Debug|Any CPU
		{643FAE6F-2EE5-41F3-8F84-2444705E2FA2}.Debug|Any CPU.Build.0 = Debug|Any CPU
		{643FAE6F-2EE5-41F3-8F84-2444705E2FA2}.Release|Any CPU.ActiveCfg = Release|Any CPU
		{643FAE6F-2EE5-41F3-8F84-2444705E2FA2}.Release|Any CPU.Build.0 = Release|Any CPU
	EndGlobalSection
	GlobalSection(SolutionProperties) = preSolution
		HideSolutionNode = FALSE
	EndGlobalSection
	GlobalSection(ExtensibilityGlobals) = postSolution
		SolutionGuid = {E1445387-5CCA-4281-A429-B1B546EB1F25}
	EndGlobalSection
EndGlobal
